
Microsoft Visual Studio Solution File, Format Version 12.00
# Visual Studio Version 16
VisualStudioVersion = 16.0.28803.352
MinimumVisualStudioVersion = 10.0.40219.1
Project("{2150E333-8FDC-42A3-9474-1A3956D46DE8}") = "GitHub", "GitHub", "{1102209C-B6C0-44F6-BEE3-D762F73C8F9B}"
	ProjectSection(SolutionItems) = preProject
		LICENSE.md = LICENSE.md
		README.md = README.md
	EndProjectSection
EndProject
Project("{9A19103F-16F7-4668-BE54-9A1E7A4F7556}") = "SonghayCore", "SonghayCore\SonghayCore.csproj", "{AE299F10-0CD5-4283-A256-D1DC7EA096E3}"
EndProject
Project("{9A19103F-16F7-4668-BE54-9A1E7A4F7556}") = "SonghayCore.Tests", "SonghayCore.Tests\SonghayCore.Tests.csproj", "{F3D0E0CF-8CAB-43D1-A09A-23A3D4FD5D0E}"
EndProject
Project("{FAE04EC0-301F-11D3-BF4B-00C04F79EFBC}") = "Statiq.Docs.Shell", "Statiq.Docs.Shell\Statiq.Docs.Shell.csproj", "{38DD6347-1500-4300-835E-CFB49885474E}"
EndProject
Project("{FAE04EC0-301F-11D3-BF4B-00C04F79EFBC}") = "SonghayCore.xUnit", "SonghayCore.xUnit\SonghayCore.xUnit.csproj", "{3A24B829-D17B-45C5-BD1E-18D1A497D048}"
EndProject
Project("{FAE04EC0-301F-11D3-BF4B-00C04F79EFBC}") = "SonghayCore.OrderedTests", "SonghayCore.OrderedTests\SonghayCore.OrderedTests.csproj", "{3F7DD844-F9E8-4B04-A865-C51B63782BA9}"
EndProject
Global
	GlobalSection(SolutionConfigurationPlatforms) = preSolution
		Debug|Any CPU = Debug|Any CPU
		Release|Any CPU = Release|Any CPU
	EndGlobalSection
	GlobalSection(ProjectConfigurationPlatforms) = postSolution
		{AE299F10-0CD5-4283-A256-D1DC7EA096E3}.Debug|Any CPU.ActiveCfg = Debug|Any CPU
		{AE299F10-0CD5-4283-A256-D1DC7EA096E3}.Debug|Any CPU.Build.0 = Debug|Any CPU
		{AE299F10-0CD5-4283-A256-D1DC7EA096E3}.Release|Any CPU.ActiveCfg = Release|Any CPU
		{AE299F10-0CD5-4283-A256-D1DC7EA096E3}.Release|Any CPU.Build.0 = Release|Any CPU
		{F3D0E0CF-8CAB-43D1-A09A-23A3D4FD5D0E}.Debug|Any CPU.ActiveCfg = Debug|Any CPU
		{F3D0E0CF-8CAB-43D1-A09A-23A3D4FD5D0E}.Debug|Any CPU.Build.0 = Debug|Any CPU
		{F3D0E0CF-8CAB-43D1-A09A-23A3D4FD5D0E}.Release|Any CPU.ActiveCfg = Release|Any CPU
		{F3D0E0CF-8CAB-43D1-A09A-23A3D4FD5D0E}.Release|Any CPU.Build.0 = Release|Any CPU
		{38DD6347-1500-4300-835E-CFB49885474E}.Debug|Any CPU.ActiveCfg = Debug|Any CPU
		{38DD6347-1500-4300-835E-CFB49885474E}.Debug|Any CPU.Build.0 = Debug|Any CPU
		{38DD6347-1500-4300-835E-CFB49885474E}.Release|Any CPU.ActiveCfg = Release|Any CPU
		{38DD6347-1500-4300-835E-CFB49885474E}.Release|Any CPU.Build.0 = Release|Any CPU
		{3A24B829-D17B-45C5-BD1E-18D1A497D048}.Debug|Any CPU.ActiveCfg = Debug|Any CPU
		{3A24B829-D17B-45C5-BD1E-18D1A497D048}.Debug|Any CPU.Build.0 = Debug|Any CPU
		{3A24B829-D17B-45C5-BD1E-18D1A497D048}.Release|Any CPU.ActiveCfg = Release|Any CPU
		{3A24B829-D17B-45C5-BD1E-18D1A497D048}.Release|Any CPU.Build.0 = Release|Any CPU
		{3F7DD844-F9E8-4B04-A865-C51B63782BA9}.Debug|Any CPU.ActiveCfg = Debug|Any CPU
		{3F7DD844-F9E8-4B04-A865-C51B63782BA9}.Debug|Any CPU.Build.0 = Debug|Any CPU
		{3F7DD844-F9E8-4B04-A865-C51B63782BA9}.Release|Any CPU.ActiveCfg = Release|Any CPU
		{3F7DD844-F9E8-4B04-A865-C51B63782BA9}.Release|Any CPU.Build.0 = Release|Any CPU
	EndGlobalSection
	GlobalSection(SolutionProperties) = preSolution
		HideSolutionNode = FALSE
	EndGlobalSection
	GlobalSection(ExtensibilityGlobals) = postSolution
		SolutionGuid = {971276D9-1992-4D8D-8B6D-B77B1056CE58}
	EndGlobalSection
EndGlobal
