
Microsoft Visual Studio Solution File, Format Version 12.00
# Visual Studio Version 16
VisualStudioVersion = 16.0.28803.352
MinimumVisualStudioVersion = 10.0.40219.1
Project("{2150E333-8FDC-42A3-9474-1A3956D46DE8}") = "GitHub", "GitHub", "{1102209C-B6C0-44F6-BEE3-D762F73C8F9B}"
	ProjectSection(SolutionItems) = preProject
		LICENSE.md = LICENSE.md
		README.md = README.md
	EndProjectSection
EndProject
Project("{9A19103F-16F7-4668-BE54-9A1E7A4F7556}") = "SonghayCore", "SonghayCore\SonghayCore.csproj", "{AE299F10-0CD5-4283-A256-D1DC7EA096E3}"
EndProject
Project("{9A19103F-16F7-4668-BE54-9A1E7A4F7556}") = "SonghayCore.MSTest.Tests", "SonghayCore.MSTest.Tests\SonghayCore.MSTest.Tests.csproj", "{F4A6DB86-B147-4D8B-B0D7-B66135ABF19B}"
EndProject
Project("{9A19103F-16F7-4668-BE54-9A1E7A4F7556}") = "SonghayCore.MSTest", "SonghayCore.MSTest\SonghayCore.MSTest.csproj", "{45F9FD06-9C6D-48BE-9DA7-4D46BEAD183A}"
EndProject
Project("{9A19103F-16F7-4668-BE54-9A1E7A4F7556}") = "SonghayCore.xUnit", "SonghayCore.xUnit\SonghayCore.xUnit.csproj", "{4EE066A5-4EE3-4D62-B995-BA0A534D468C}"
EndProject
Project("{FAE04EC0-301F-11D3-BF4B-00C04F79EFBC}") = "SonghayCore.Framework.Tests", "SonghayCore.Framework.Tests\SonghayCore.Framework.Tests.csproj", "{C60DEC27-D993-4A7D-8C8D-9082B7538E59}"
EndProject
Project("{9A19103F-16F7-4668-BE54-9A1E7A4F7556}") = "SonghayCore.Tests", "SonghayCore.Tests\SonghayCore.Tests.csproj", "{F3D0E0CF-8CAB-43D1-A09A-23A3D4FD5D0E}"
EndProject
Global
	GlobalSection(SolutionConfigurationPlatforms) = preSolution
		Debug|Any CPU = Debug|Any CPU
		Release|Any CPU = Release|Any CPU
	EndGlobalSection
	GlobalSection(ProjectConfigurationPlatforms) = postSolution
		{AE299F10-0CD5-4283-A256-D1DC7EA096E3}.Debug|Any CPU.ActiveCfg = Debug|Any CPU
		{AE299F10-0CD5-4283-A256-D1DC7EA096E3}.Debug|Any CPU.Build.0 = Debug|Any CPU
		{AE299F10-0CD5-4283-A256-D1DC7EA096E3}.Release|Any CPU.ActiveCfg = Release|Any CPU
		{AE299F10-0CD5-4283-A256-D1DC7EA096E3}.Release|Any CPU.Build.0 = Release|Any CPU
		{F4A6DB86-B147-4D8B-B0D7-B66135ABF19B}.Debug|Any CPU.ActiveCfg = Debug|Any CPU
		{F4A6DB86-B147-4D8B-B0D7-B66135ABF19B}.Debug|Any CPU.Build.0 = Debug|Any CPU
		{F4A6DB86-B147-4D8B-B0D7-B66135ABF19B}.Release|Any CPU.ActiveCfg = Release|Any CPU
		{F4A6DB86-B147-4D8B-B0D7-B66135ABF19B}.Release|Any CPU.Build.0 = Release|Any CPU
		{45F9FD06-9C6D-48BE-9DA7-4D46BEAD183A}.Debug|Any CPU.ActiveCfg = Debug|Any CPU
		{45F9FD06-9C6D-48BE-9DA7-4D46BEAD183A}.Debug|Any CPU.Build.0 = Debug|Any CPU
		{45F9FD06-9C6D-48BE-9DA7-4D46BEAD183A}.Release|Any CPU.ActiveCfg = Release|Any CPU
		{45F9FD06-9C6D-48BE-9DA7-4D46BEAD183A}.Release|Any CPU.Build.0 = Release|Any CPU
		{4EE066A5-4EE3-4D62-B995-BA0A534D468C}.Debug|Any CPU.ActiveCfg = Debug|Any CPU
		{4EE066A5-4EE3-4D62-B995-BA0A534D468C}.Debug|Any CPU.Build.0 = Debug|Any CPU
		{4EE066A5-4EE3-4D62-B995-BA0A534D468C}.Release|Any CPU.ActiveCfg = Release|Any CPU
		{4EE066A5-4EE3-4D62-B995-BA0A534D468C}.Release|Any CPU.Build.0 = Release|Any CPU
		{C60DEC27-D993-4A7D-8C8D-9082B7538E59}.Debug|Any CPU.ActiveCfg = Debug|Any CPU
		{C60DEC27-D993-4A7D-8C8D-9082B7538E59}.Debug|Any CPU.Build.0 = Debug|Any CPU
		{C60DEC27-D993-4A7D-8C8D-9082B7538E59}.Release|Any CPU.ActiveCfg = Release|Any CPU
		{C60DEC27-D993-4A7D-8C8D-9082B7538E59}.Release|Any CPU.Build.0 = Release|Any CPU
		{F3D0E0CF-8CAB-43D1-A09A-23A3D4FD5D0E}.Debug|Any CPU.ActiveCfg = Debug|Any CPU
		{F3D0E0CF-8CAB-43D1-A09A-23A3D4FD5D0E}.Debug|Any CPU.Build.0 = Debug|Any CPU
		{F3D0E0CF-8CAB-43D1-A09A-23A3D4FD5D0E}.Release|Any CPU.ActiveCfg = Release|Any CPU
		{F3D0E0CF-8CAB-43D1-A09A-23A3D4FD5D0E}.Release|Any CPU.Build.0 = Release|Any CPU
	EndGlobalSection
	GlobalSection(SolutionProperties) = preSolution
		HideSolutionNode = FALSE
	EndGlobalSection
	GlobalSection(ExtensibilityGlobals) = postSolution
		SolutionGuid = {971276D9-1992-4D8D-8B6D-B77B1056CE58}
	EndGlobalSection
EndGlobal
