
Microsoft Visual Studio Solution File, Format Version 12.00
# Visual Studio 15
VisualStudioVersion = 15.0.26403.3
MinimumVisualStudioVersion = 10.0.40219.1
Project("{FAE04EC0-301F-11D3-BF4B-00C04F79EFBC}") = "Songhay", "Songhay\Songhay.csproj", "{C86DCA41-9E6C-44F1-8571-C8B6B79C5AE4}"
EndProject
Project("{FAE04EC0-301F-11D3-BF4B-00C04F79EFBC}") = "SonghayCore", "SonghayCore\SonghayCore.csproj", "{7B183BBC-21BE-4605-B549-74BA23489245}"
EndProject
Project("{FAE04EC0-301F-11D3-BF4B-00C04F79EFBC}") = "Songhay.Tests", "Songhay.Tests\Songhay.Tests.csproj", "{13EDAC83-AACE-4D5E-B80A-A816D995EBD7}"
EndProject
Project("{FAE04EC0-301F-11D3-BF4B-00C04F79EFBC}") = "SonghayCore.Tests", "SonghayCore.Tests\SonghayCore.Tests.csproj", "{5E8CBB94-BB19-4B4F-9234-F1AECE95C4D8}"
EndProject
Project("{FAE04EC0-301F-11D3-BF4B-00C04F79EFBC}") = "Songhay.Security", "Songhay.Security\Songhay.Security.csproj", "{A2715D67-371A-4EE4-85B8-0959C9CE7DF6}"
EndProject
Project("{FAE04EC0-301F-11D3-BF4B-00C04F79EFBC}") = "SonghayCoreTesting", "SonghayCoreTesting\SonghayCoreTesting.csproj", "{88808C88-32D9-4159-B5DC-3B5B51CDE1D7}"
EndProject
Project("{2150E333-8FDC-42A3-9474-1A3956D46DE8}") = "GitHub", "GitHub", "{1102209C-B6C0-44F6-BEE3-D762F73C8F9B}"
	ProjectSection(SolutionItems) = preProject
		LICENSE.md = LICENSE.md
		README.md = README.md
	EndProjectSection
EndProject
Project("{FAE04EC0-301F-11D3-BF4B-00C04F79EFBC}") = "Songhay.Portable.Core", "Songhay.Portable.Core\Songhay.Portable.Core.csproj", "{B91E47F7-9A07-4261-8388-C8914E0EA92C}"
EndProject
Project("{FAE04EC0-301F-11D3-BF4B-00C04F79EFBC}") = "Songhay.Net.HttpWebRequest", "Songhay.Net.HttpWebRequest\Songhay.Net.HttpWebRequest.csproj", "{BE4A8768-8B78-4BA6-9570-1461A7C2EA51}"
EndProject
Project("{FAE04EC0-301F-11D3-BF4B-00C04F79EFBC}") = "Songhay.Standard.Core", "Songhay.Standard.Core\Songhay.Standard.Core.csproj", "{8207A4FE-A610-448B-B21E-1361E8769125}"
EndProject
Project("{FAE04EC0-301F-11D3-BF4B-00C04F79EFBC}") = "SonghayCore-net35", "SonghayCore-net35\SonghayCore-net35.csproj", "{44E95382-23E8-4D26-9BDD-F97FF429E878}"
EndProject
Project("{FAE04EC0-301F-11D3-BF4B-00C04F79EFBC}") = "SonghayCore-net40", "SonghayCore-net40\SonghayCore-net40.csproj", "{0D3BDB71-814A-4A18-ADE7-F21C6CF0453C}"
EndProject
Project("{2150E333-8FDC-42A3-9474-1A3956D46DE8}") = "NuGet", "NuGet", "{1424A1E9-8990-47F5-A9BB-6DF100D7EDAD}"
	ProjectSection(SolutionItems) = preProject
		SonghayCore.nuspec = SonghayCore.nuspec
	EndProjectSection
EndProject
Project("{FAE04EC0-301F-11D3-BF4B-00C04F79EFBC}") = "SonghayCore.MSTest", "SonghayCore.MSTest\SonghayCore.MSTest.csproj", "{B8215FB9-BC5C-4584-AA60-270810B709E3}"
EndProject
Global
	GlobalSection(SolutionConfigurationPlatforms) = preSolution
		Debug|Any CPU = Debug|Any CPU
		Release|Any CPU = Release|Any CPU
	EndGlobalSection
	GlobalSection(ProjectConfigurationPlatforms) = postSolution
		{C86DCA41-9E6C-44F1-8571-C8B6B79C5AE4}.Debug|Any CPU.ActiveCfg = Debug|Any CPU
		{C86DCA41-9E6C-44F1-8571-C8B6B79C5AE4}.Debug|Any CPU.Build.0 = Debug|Any CPU
		{C86DCA41-9E6C-44F1-8571-C8B6B79C5AE4}.Release|Any CPU.ActiveCfg = Release|Any CPU
		{C86DCA41-9E6C-44F1-8571-C8B6B79C5AE4}.Release|Any CPU.Build.0 = Release|Any CPU
		{7B183BBC-21BE-4605-B549-74BA23489245}.Debug|Any CPU.ActiveCfg = Debug|Any CPU
		{7B183BBC-21BE-4605-B549-74BA23489245}.Debug|Any CPU.Build.0 = Debug|Any CPU
		{7B183BBC-21BE-4605-B549-74BA23489245}.Release|Any CPU.ActiveCfg = Release|Any CPU
		{7B183BBC-21BE-4605-B549-74BA23489245}.Release|Any CPU.Build.0 = Release|Any CPU
		{13EDAC83-AACE-4D5E-B80A-A816D995EBD7}.Debug|Any CPU.ActiveCfg = Debug|Any CPU
		{13EDAC83-AACE-4D5E-B80A-A816D995EBD7}.Debug|Any CPU.Build.0 = Debug|Any CPU
		{13EDAC83-AACE-4D5E-B80A-A816D995EBD7}.Release|Any CPU.ActiveCfg = Release|Any CPU
		{13EDAC83-AACE-4D5E-B80A-A816D995EBD7}.Release|Any CPU.Build.0 = Release|Any CPU
		{5E8CBB94-BB19-4B4F-9234-F1AECE95C4D8}.Debug|Any CPU.ActiveCfg = Debug|Any CPU
		{5E8CBB94-BB19-4B4F-9234-F1AECE95C4D8}.Debug|Any CPU.Build.0 = Debug|Any CPU
		{5E8CBB94-BB19-4B4F-9234-F1AECE95C4D8}.Release|Any CPU.ActiveCfg = Release|Any CPU
		{5E8CBB94-BB19-4B4F-9234-F1AECE95C4D8}.Release|Any CPU.Build.0 = Release|Any CPU
		{A2715D67-371A-4EE4-85B8-0959C9CE7DF6}.Debug|Any CPU.ActiveCfg = Debug|Any CPU
		{A2715D67-371A-4EE4-85B8-0959C9CE7DF6}.Debug|Any CPU.Build.0 = Debug|Any CPU
		{A2715D67-371A-4EE4-85B8-0959C9CE7DF6}.Release|Any CPU.ActiveCfg = Release 2.0|Any CPU
		{A2715D67-371A-4EE4-85B8-0959C9CE7DF6}.Release|Any CPU.Build.0 = Release 2.0|Any CPU
		{88808C88-32D9-4159-B5DC-3B5B51CDE1D7}.Debug|Any CPU.ActiveCfg = Debug|Any CPU
		{88808C88-32D9-4159-B5DC-3B5B51CDE1D7}.Debug|Any CPU.Build.0 = Debug|Any CPU
		{88808C88-32D9-4159-B5DC-3B5B51CDE1D7}.Release|Any CPU.ActiveCfg = Release 4.5.2|Any CPU
		{88808C88-32D9-4159-B5DC-3B5B51CDE1D7}.Release|Any CPU.Build.0 = Release 4.5.2|Any CPU
		{B91E47F7-9A07-4261-8388-C8914E0EA92C}.Debug|Any CPU.ActiveCfg = Debug|Any CPU
		{B91E47F7-9A07-4261-8388-C8914E0EA92C}.Debug|Any CPU.Build.0 = Debug|Any CPU
		{B91E47F7-9A07-4261-8388-C8914E0EA92C}.Release|Any CPU.ActiveCfg = Release|Any CPU
		{B91E47F7-9A07-4261-8388-C8914E0EA92C}.Release|Any CPU.Build.0 = Release|Any CPU
		{BE4A8768-8B78-4BA6-9570-1461A7C2EA51}.Debug|Any CPU.ActiveCfg = Debug|Any CPU
		{BE4A8768-8B78-4BA6-9570-1461A7C2EA51}.Debug|Any CPU.Build.0 = Debug|Any CPU
		{BE4A8768-8B78-4BA6-9570-1461A7C2EA51}.Release|Any CPU.ActiveCfg = Release 3.5|Any CPU
		{BE4A8768-8B78-4BA6-9570-1461A7C2EA51}.Release|Any CPU.Build.0 = Release 3.5|Any CPU
		{8207A4FE-A610-448B-B21E-1361E8769125}.Debug|Any CPU.ActiveCfg = Debug|Any CPU
		{8207A4FE-A610-448B-B21E-1361E8769125}.Debug|Any CPU.Build.0 = Debug|Any CPU
		{8207A4FE-A610-448B-B21E-1361E8769125}.Release|Any CPU.ActiveCfg = Release|Any CPU
		{8207A4FE-A610-448B-B21E-1361E8769125}.Release|Any CPU.Build.0 = Release|Any CPU
		{44E95382-23E8-4D26-9BDD-F97FF429E878}.Debug|Any CPU.ActiveCfg = Debug|Any CPU
		{44E95382-23E8-4D26-9BDD-F97FF429E878}.Debug|Any CPU.Build.0 = Debug|Any CPU
		{44E95382-23E8-4D26-9BDD-F97FF429E878}.Release|Any CPU.ActiveCfg = Release|Any CPU
		{44E95382-23E8-4D26-9BDD-F97FF429E878}.Release|Any CPU.Build.0 = Release|Any CPU
		{0D3BDB71-814A-4A18-ADE7-F21C6CF0453C}.Debug|Any CPU.ActiveCfg = Debug|Any CPU
		{0D3BDB71-814A-4A18-ADE7-F21C6CF0453C}.Debug|Any CPU.Build.0 = Debug|Any CPU
		{0D3BDB71-814A-4A18-ADE7-F21C6CF0453C}.Release|Any CPU.ActiveCfg = Release|Any CPU
		{0D3BDB71-814A-4A18-ADE7-F21C6CF0453C}.Release|Any CPU.Build.0 = Release|Any CPU
		{B8215FB9-BC5C-4584-AA60-270810B709E3}.Debug|Any CPU.ActiveCfg = Debug|Any CPU
		{B8215FB9-BC5C-4584-AA60-270810B709E3}.Debug|Any CPU.Build.0 = Debug|Any CPU
		{B8215FB9-BC5C-4584-AA60-270810B709E3}.Release|Any CPU.ActiveCfg = Release|Any CPU
		{B8215FB9-BC5C-4584-AA60-270810B709E3}.Release|Any CPU.Build.0 = Release|Any CPU
	EndGlobalSection
	GlobalSection(SolutionProperties) = preSolution
		HideSolutionNode = FALSE
	EndGlobalSection
EndGlobal
